
Microsoft Visual Studio Solution File, Format Version 12.00
# Visual Studio Version 17
VisualStudioVersion = 17.4.33122.133
MinimumVisualStudioVersion = 10.0.40219.1
Project("{FAE04EC0-301F-11D3-BF4B-00C04F79EFBC}") = "aspnetserver", "aspnetserver\aspnetserver.csproj", "{F75D15EE-7D92-49AD-92D1-A1605C19CABF}"
EndProject
Global
	GlobalSection(SolutionConfigurationPlatforms) = preSolution
		Debug|Any CPU = Debug|Any CPU
		Release|Any CPU = Release|Any CPU
	EndGlobalSection
	GlobalSection(ProjectConfigurationPlatforms) = postSolution
		{F75D15EE-7D92-49AD-92D1-A1605C19CABF}.Debug|Any CPU.ActiveCfg = Debug|Any CPU
		{F75D15EE-7D92-49AD-92D1-A1605C19CABF}.Debug|Any CPU.Build.0 = Debug|Any CPU
		{F75D15EE-7D92-49AD-92D1-A1605C19CABF}.Release|Any CPU.ActiveCfg = Release|Any CPU
		{F75D15EE-7D92-49AD-92D1-A1605C19CABF}.Release|Any CPU.Build.0 = Release|Any CPU
	EndGlobalSection
	GlobalSection(SolutionProperties) = preSolution
		HideSolutionNode = FALSE
	EndGlobalSection
	GlobalSection(ExtensibilityGlobals) = postSolution
		SolutionGuid = {B07DF4FB-C879-475D-BC9F-C0710283E42E}
	EndGlobalSection
EndGlobal
